
Microsoft Visual Studio Solution File, Format Version 12.00
# Visual Studio 15
VisualStudioVersion = 15.0.28307.329
MinimumVisualStudioVersion = 10.0.40219.1
Project("{2150E333-8FDC-42A3-9474-1A3956D46DE8}") = "Week 1", "Week 1", "{CF4089C9-6397-488E-A11F-E05D4491FB65}"
EndProject
Project("{2150E333-8FDC-42A3-9474-1A3956D46DE8}") = "Solution Items", "Solution Items", "{69D8A381-EAA4-46E9-9801-6FF750B62D54}"
	ProjectSection(SolutionItems) = preProject
		Galoyan_Time_recording_log.xlsx = Galoyan_Time_recording_log.xlsx
	EndProjectSection
EndProject
Project("{2150E333-8FDC-42A3-9474-1A3956D46DE8}") = "MVA Csharp Lecture", "MVA Csharp Lecture", "{C19A3D70-6235-4AB6-B78F-C36998A5BA1C}"
EndProject
Project("{FAE04EC0-301F-11D3-BF4B-00C04F79EFBC}") = "CodeLibrary", "Week 1\CodeLibrary\CodeLibrary.csproj", "{53B67AFD-429C-4C4F-A4D0-03241F4D0A09}"
EndProject
Project("{FAE04EC0-301F-11D3-BF4B-00C04F79EFBC}") = "MyClient", "Week 1\MyClient\MyClient.csproj", "{61A2B6AE-8AC1-447E-90E8-DE1DFBAB8C17}"
EndProject
Project("{FAE04EC0-301F-11D3-BF4B-00C04F79EFBC}") = "WorkingWithCollections", "Week 1\WorkingWithCollections\WorkingWithCollections.csproj", "{F3F2797D-AB92-4214-97B7-67F81AB6A088}"
EndProject
Project("{FAE04EC0-301F-11D3-BF4B-00C04F79EFBC}") = "LINQ", "Week 1\LINQ\LINQ.csproj", "{BF968E1D-9AD5-4A95-85C0-176E443AA77E}"
EndProject
Project("{FAE04EC0-301F-11D3-BF4B-00C04F79EFBC}") = "EnumsAndSwitch", "Week 1\EnumsAndSwitch\EnumsAndSwitch.csproj", "{A9C65FE8-7FB5-4BB3-86EF-7CA787736F3B}"
EndProject
Project("{FAE04EC0-301F-11D3-BF4B-00C04F79EFBC}") = "Events", "Week 1\Events\Events.csproj", "{A6D12A48-B0BC-40AF-881E-5D804E595948}"
EndProject
Project("{FAE04EC0-301F-11D3-BF4B-00C04F79EFBC}") = "WPF_Event", "Week 1\WPF_Event\WPF_Event.csproj", "{40B1D13F-D5B4-4FE6-B6AE-296C5C22B89D}"
EndProject
Project("{2150E333-8FDC-42A3-9474-1A3956D46DE8}") = "Week 2", "Week 2", "{0D82B091-0FDC-42E7-8AEA-9E74CECE153A}"
EndProject
Project("{2150E333-8FDC-42A3-9474-1A3956D46DE8}") = "HTML and CSS lectures", "HTML and CSS lectures", "{7A1B70D7-CC44-4374-B5B9-68842AD14D8D}"
EndProject
Project("{2150E333-8FDC-42A3-9474-1A3956D46DE8}") = "Lesson 02", "Lesson 02", "{511A996D-25D0-4DFC-B9DC-5588781B58CF}"
	ProjectSection(SolutionItems) = preProject
		Week 2\HTML_and_CSS\Lesson02\Lesson2.html = Week 2\HTML_and_CSS\Lesson02\Lesson2.html
	EndProjectSection
EndProject
Project("{2150E333-8FDC-42A3-9474-1A3956D46DE8}") = "Lesson 03", "Lesson 03", "{3DB61367-8A47-49B2-B442-933B7522749F}"
	ProjectSection(SolutionItems) = preProject
		Week 2\HTML_and_CSS\Lesson03\Lesson03.html = Week 2\HTML_and_CSS\Lesson03\Lesson03.html
		Week 2\HTML_and_CSS\Lesson03\styles.css = Week 2\HTML_and_CSS\Lesson03\styles.css
	EndProjectSection
EndProject
Project("{2150E333-8FDC-42A3-9474-1A3956D46DE8}") = "Lesson 05", "Lesson 05", "{EE77EA53-5473-4BA3-93EE-5F6648BA37EE}"
	ProjectSection(SolutionItems) = preProject
		Week 2\HTML_and_CSS\Lesson05\another.html = Week 2\HTML_and_CSS\Lesson05\another.html
		Week 2\HTML_and_CSS\Lesson05\Lesson05.html = Week 2\HTML_and_CSS\Lesson05\Lesson05.html
		Week 2\HTML_and_CSS\Lesson05\subfolder\subfolder.html = Week 2\HTML_and_CSS\Lesson05\subfolder\subfolder.html
	EndProjectSection
EndProject
Project("{2150E333-8FDC-42A3-9474-1A3956D46DE8}") = "Lesson 06", "Lesson 06", "{89A3DB51-27CB-476F-AE74-4CA3F5135E4E}"
	ProjectSection(SolutionItems) = preProject
		Week 2\HTML_and_CSS\Lesson06\lesson06.html = Week 2\HTML_and_CSS\Lesson06\lesson06.html
	EndProjectSection
EndProject
Project("{2150E333-8FDC-42A3-9474-1A3956D46DE8}") = "Lesson 08", "Lesson 08", "{D00BAE3E-457D-4A2A-A24E-95F5B138DC24}"
	ProjectSection(SolutionItems) = preProject
		Week 2\HTML_and_CSS\Lesson08\Lesson08.html = Week 2\HTML_and_CSS\Lesson08\Lesson08.html
	EndProjectSection
EndProject
Project("{2150E333-8FDC-42A3-9474-1A3956D46DE8}") = "Lesson 09", "Lesson 09", "{6BF06D94-A2F4-4535-A271-654A77A4E031}"
	ProjectSection(SolutionItems) = preProject
		Week 2\HTML_and_CSS\Lesson09\Lesson09.html = Week 2\HTML_and_CSS\Lesson09\Lesson09.html
	EndProjectSection
EndProject
Project("{2150E333-8FDC-42A3-9474-1A3956D46DE8}") = "Lesson 10", "Lesson 10", "{2F63CE01-E8D3-45E3-9961-5FC1D7DC1071}"
	ProjectSection(SolutionItems) = preProject
		Week 2\HTML_and_CSS\Lesson10\Lesson10.html = Week 2\HTML_and_CSS\Lesson10\Lesson10.html
	EndProjectSection
EndProject
Project("{2150E333-8FDC-42A3-9474-1A3956D46DE8}") = "Lesson 11", "Lesson 11", "{574FE8FA-2546-4E74-ADCB-47B1382FA343}"
	ProjectSection(SolutionItems) = preProject
		Week 2\HTML_and_CSS\Lesson11\Lesson11.html = Week 2\HTML_and_CSS\Lesson11\Lesson11.html
	EndProjectSection
EndProject
Project("{2150E333-8FDC-42A3-9474-1A3956D46DE8}") = "Lesson 12", "Lesson 12", "{52FADAA5-45C0-45B5-AB78-8092DD426FE0}"
	ProjectSection(SolutionItems) = preProject
		Week 2\HTML_and_CSS\Lesson12\Lesson12.html = Week 2\HTML_and_CSS\Lesson12\Lesson12.html
		Week 2\HTML_and_CSS\Lesson12\styles.css = Week 2\HTML_and_CSS\Lesson12\styles.css
	EndProjectSection
EndProject
Project("{2150E333-8FDC-42A3-9474-1A3956D46DE8}") = "Lesson 13", "Lesson 13", "{74E4CF8D-0CF7-4D48-9935-D57F1FFEE116}"
	ProjectSection(SolutionItems) = preProject
		Week 2\HTML_and_CSS\Lesson13\Lesson13.html = Week 2\HTML_and_CSS\Lesson13\Lesson13.html
	EndProjectSection
EndProject
Project("{2150E333-8FDC-42A3-9474-1A3956D46DE8}") = "Lesson 14", "Lesson 14", "{1F898A47-E8F4-48D1-B0EC-4384DABC18C7}"
	ProjectSection(SolutionItems) = preProject
		Week 2\HTML_and_CSS\Lesson14\Lesson14.html = Week 2\HTML_and_CSS\Lesson14\Lesson14.html
	EndProjectSection
EndProject
Project("{2150E333-8FDC-42A3-9474-1A3956D46DE8}") = "Lesson 15", "Lesson 15", "{BBE7539D-6759-4104-B22B-D43B7FB46424}"
	ProjectSection(SolutionItems) = preProject
		Week 2\HTML_and_CSS\Lesson15\Lesson15.html = Week 2\HTML_and_CSS\Lesson15\Lesson15.html
	EndProjectSection
EndProject
Project("{2150E333-8FDC-42A3-9474-1A3956D46DE8}") = "Lesson 16", "Lesson 16", "{48372C32-0E3F-4E16-B8A5-F905EE364E17}"
	ProjectSection(SolutionItems) = preProject
		Week 2\HTML_and_CSS\Lesson16\Lesson16.html = Week 2\HTML_and_CSS\Lesson16\Lesson16.html
	EndProjectSection
EndProject
Project("{2150E333-8FDC-42A3-9474-1A3956D46DE8}") = "Lesson 17", "Lesson 17", "{2A6C24AF-AD97-4CB0-8399-77E21B8BFFC0}"
	ProjectSection(SolutionItems) = preProject
		Week 2\HTML_and_CSS\Lesson17\Lesson17.html = Week 2\HTML_and_CSS\Lesson17\Lesson17.html
		Week 2\HTML_and_CSS\Lesson17\styles.css = Week 2\HTML_and_CSS\Lesson17\styles.css
	EndProjectSection
EndProject
Project("{2150E333-8FDC-42A3-9474-1A3956D46DE8}") = "Lesson 18", "Lesson 18", "{592555C6-7DD1-47E8-9FE1-93B6C9BC8541}"
	ProjectSection(SolutionItems) = preProject
		Week 2\HTML_and_CSS\Lesson18\Lesson18.html = Week 2\HTML_and_CSS\Lesson18\Lesson18.html
	EndProjectSection
EndProject
Project("{2150E333-8FDC-42A3-9474-1A3956D46DE8}") = "Lesson 19", "Lesson 19", "{D555FAA7-7F7F-499E-A68D-78B7F1DB0D58}"
	ProjectSection(SolutionItems) = preProject
		Week 2\HTML_and_CSS\Lesson19\Lesson19.html = Week 2\HTML_and_CSS\Lesson19\Lesson19.html
	EndProjectSection
EndProject
Project("{2150E333-8FDC-42A3-9474-1A3956D46DE8}") = "Lesson 20", "Lesson 20", "{555643FF-1260-45E3-9434-9CA3F3CCCA17}"
	ProjectSection(SolutionItems) = preProject
		Week 2\HTML_and_CSS\Lesson20\copy_paste_svg.html = Week 2\HTML_and_CSS\Lesson20\copy_paste_svg.html
		Week 2\HTML_and_CSS\Lesson20\external_link.html = Week 2\HTML_and_CSS\Lesson20\external_link.html
		Week 2\HTML_and_CSS\Lesson20\svg_interactivity.html = Week 2\HTML_and_CSS\Lesson20\svg_interactivity.html
		Week 2\HTML_and_CSS\Lesson20\Test.svg = Week 2\HTML_and_CSS\Lesson20\Test.svg
	EndProjectSection
EndProject
Project("{2150E333-8FDC-42A3-9474-1A3956D46DE8}") = "Practice", "Practice", "{1B4F6828-806E-440E-BC0C-7782E5D3C63C}"
	ProjectSection(SolutionItems) = preProject
		Week 2\Practice 1\subpages\about.html = Week 2\Practice 1\subpages\about.html
		Week 2\Practice 1\subpages\contact.html = Week 2\Practice 1\subpages\contact.html
		Week 2\Practice 1\index.html = Week 2\Practice 1\index.html
		Week 2\Practice 1\css\styles.css = Week 2\Practice 1\css\styles.css
	EndProjectSection
EndProject
Project("{2150E333-8FDC-42A3-9474-1A3956D46DE8}") = "Week 3", "Week 3", "{C51AA7C2-2CD5-4ECB-8785-0B27C0C72D9F}"
EndProject
Project("{2150E333-8FDC-42A3-9474-1A3956D46DE8}") = "Lesson 02-03", "Lesson 02-03", "{1532A6F5-9CEA-4EF0-9AE9-5FF9E59235E4}"
	ProjectSection(SolutionItems) = preProject
		Week 3\JavaScript course\Lesson 02-03\app.js = Week 3\JavaScript course\Lesson 02-03\app.js
	EndProjectSection
EndProject
Project("{2150E333-8FDC-42A3-9474-1A3956D46DE8}") = "Lesson 04", "Lesson 04", "{BE32991F-559E-4348-B907-5372E3EFDC98}"
	ProjectSection(SolutionItems) = preProject
		Week 3\JavaScript course\Lesson 04\variables.js = Week 3\JavaScript course\Lesson 04\variables.js
	EndProjectSection
EndProject
Project("{2150E333-8FDC-42A3-9474-1A3956D46DE8}") = "Lesson 05", "Lesson 05", "{DC319340-15FE-4269-A74A-E131FBB0B313}"
	ProjectSection(SolutionItems) = preProject
		Week 3\JavaScript course\Lesson 05\datatypes.js = Week 3\JavaScript course\Lesson 05\datatypes.js
	EndProjectSection
EndProject
Project("{2150E333-8FDC-42A3-9474-1A3956D46DE8}") = "Lesson 06", "Lesson 06", "{1FA58743-5B02-40AC-B00B-DF65B796B8A7}"
	ProjectSection(SolutionItems) = preProject
		Week 3\JavaScript course\Lesson 06\coercion.js = Week 3\JavaScript course\Lesson 06\coercion.js
	EndProjectSection
EndProject
Project("{2150E333-8FDC-42A3-9474-1A3956D46DE8}") = "Lesson 10", "Lesson 10", "{F6AADC1E-5AA4-4DCD-926E-C568A4CBB96B}"
	ProjectSection(SolutionItems) = preProject
		Week 3\JavaScript course\Lesson 10\function-expressions.js = Week 3\JavaScript course\Lesson 10\function-expressions.js
	EndProjectSection
EndProject
Project("{2150E333-8FDC-42A3-9474-1A3956D46DE8}") = "Lesson 08", "Lesson 08", "{C51294E3-FF5F-4DED-BD0D-6F0FBD0F5457}"
	ProjectSection(SolutionItems) = preProject
		Week 3\JavaScript course\Lesson 08\array.js = Week 3\JavaScript course\Lesson 08\array.js
	EndProjectSection
EndProject
Project("{2150E333-8FDC-42A3-9474-1A3956D46DE8}") = "Lesson 09", "Lesson 09", "{FA4E6F7C-D99E-45C3-AB6A-B35F36E1FA76}"
	ProjectSection(SolutionItems) = preProject
		Week 3\JavaScript course\Lesson 09\function-declaration.js = Week 3\JavaScript course\Lesson 09\function-declaration.js
	EndProjectSection
EndProject
Project("{2150E333-8FDC-42A3-9474-1A3956D46DE8}") = "Lesson 11", "Lesson 11", "{7A94F9FB-AA87-4862-A8E7-57001C1EA4BE}"
	ProjectSection(SolutionItems) = preProject
		Week 3\JavaScript course\Lesson 11\decisions.js = Week 3\JavaScript course\Lesson 11\decisions.js
	EndProjectSection
EndProject
Project("{2150E333-8FDC-42A3-9474-1A3956D46DE8}") = "Lesson 14", "Lesson 14", "{80CC3DF1-9B71-4974-B586-C29682748F0B}"
	ProjectSection(SolutionItems) = preProject
		Week 3\JavaScript course\Lesson 14\returning-functions.js = Week 3\JavaScript course\Lesson 14\returning-functions.js
	EndProjectSection
EndProject
Project("{2150E333-8FDC-42A3-9474-1A3956D46DE8}") = "Lesson 15", "Lesson 15", "{196C4096-57E9-4099-B30B-06456C8B217C}"
	ProjectSection(SolutionItems) = preProject
		Week 3\JavaScript course\Lesson 15\object.js = Week 3\JavaScript course\Lesson 15\object.js
	EndProjectSection
EndProject
Project("{2150E333-8FDC-42A3-9474-1A3956D46DE8}") = "Lesson 16", "Lesson 16", "{6CB2C2D3-C1DC-42FD-A1CE-F71DE324A162}"
	ProjectSection(SolutionItems) = preProject
		Week 3\JavaScript course\Lesson 16\module-pattern.js = Week 3\JavaScript course\Lesson 16\module-pattern.js
	EndProjectSection
EndProject
Project("{2150E333-8FDC-42A3-9474-1A3956D46DE8}") = "Lesson 17", "Lesson 17", "{26B8EAB2-7E36-4264-8681-95896407854B}"
	ProjectSection(SolutionItems) = preProject
		Week 3\JavaScript course\Lesson 17\closures.js = Week 3\JavaScript course\Lesson 17\closures.js
	EndProjectSection
EndProject
Project("{2150E333-8FDC-42A3-9474-1A3956D46DE8}") = "Lesson 19", "Lesson 19", "{A826C3EA-176E-4052-8028-8A976F1BC00A}"
	ProjectSection(SolutionItems) = preProject
		Week 3\JavaScript course\Lesson 19\destructuring.js = Week 3\JavaScript course\Lesson 19\destructuring.js
	EndProjectSection
EndProject
Project("{2150E333-8FDC-42A3-9474-1A3956D46DE8}") = "Lesson 18", "Lesson 18", "{1B1F5B16-C1E7-4A17-8203-532600B08212}"
	ProjectSection(SolutionItems) = preProject
		Week 3\JavaScript course\Lesson 18\this.html = Week 3\JavaScript course\Lesson 18\this.html
		Week 3\JavaScript course\Lesson 18\this.js = Week 3\JavaScript course\Lesson 18\this.js
	EndProjectSection
EndProject
Project("{2150E333-8FDC-42A3-9474-1A3956D46DE8}") = "Lesson 20", "Lesson 20", "{2BA36FDE-14C6-4736-8BEC-63E34712DB56}"
	ProjectSection(SolutionItems) = preProject
		Week 3\JavaScript course\Lesson 20\template-literals.js = Week 3\JavaScript course\Lesson 20\template-literals.js
	EndProjectSection
EndProject
Project("{2150E333-8FDC-42A3-9474-1A3956D46DE8}") = "Lesson 21", "Lesson 21", "{A1B04F6F-9AFE-4B63-8CB3-986555C6D801}"
	ProjectSection(SolutionItems) = preProject
		Week 3\JavaScript course\Lesson 21\regex.js = Week 3\JavaScript course\Lesson 21\regex.js
	EndProjectSection
EndProject
Project("{2150E333-8FDC-42A3-9474-1A3956D46DE8}") = "Lesson 22", "Lesson 22", "{5EE08EF3-9D7D-45BC-A9B8-1C2AAA5C4E28}"
	ProjectSection(SolutionItems) = preProject
		Week 3\JavaScript course\Lesson 22\natives.js = Week 3\JavaScript course\Lesson 22\natives.js
	EndProjectSection
EndProject
Project("{2150E333-8FDC-42A3-9474-1A3956D46DE8}") = "Lesson 23", "Lesson 23", "{3EB91954-6D9B-4E1A-B9F5-620B3809E903}"
	ProjectSection(SolutionItems) = preProject
		Week 3\JavaScript course\Lesson 23\constructors.js = Week 3\JavaScript course\Lesson 23\constructors.js
	EndProjectSection
EndProject
Project("{2150E333-8FDC-42A3-9474-1A3956D46DE8}") = "Lesson 24", "Lesson 24", "{FD3317C6-9191-47CA-9E61-CAE1C0F2E44D}"
	ProjectSection(SolutionItems) = preProject
		Week 3\JavaScript course\Lesson 24\prototypes.js = Week 3\JavaScript course\Lesson 24\prototypes.js
	EndProjectSection
EndProject
Project("{2150E333-8FDC-42A3-9474-1A3956D46DE8}") = "Lesson 25", "Lesson 25", "{7E71CB43-A009-4E5E-8785-8AD33EDF5CB6}"
	ProjectSection(SolutionItems) = preProject
		Week 3\JavaScript course\Lesson 25\classes.js = Week 3\JavaScript course\Lesson 25\classes.js
	EndProjectSection
EndProject
Project("{2150E333-8FDC-42A3-9474-1A3956D46DE8}") = "Lesson 26", "Lesson 26", "{07E71FED-ED8E-46DF-A08D-3FC58A654017}"
	ProjectSection(SolutionItems) = preProject
		Week 3\JavaScript course\Lesson 26\arrow-functions.js = Week 3\JavaScript course\Lesson 26\arrow-functions.js
	EndProjectSection
EndProject
Project("{2150E333-8FDC-42A3-9474-1A3956D46DE8}") = "Lesson 27", "Lesson 27", "{0046ECDC-10D9-4718-9E51-0551B43765B9}"
	ProjectSection(SolutionItems) = preProject
		Week 3\JavaScript course\Lesson 27\truthy-falsy.js = Week 3\JavaScript course\Lesson 27\truthy-falsy.js
	EndProjectSection
EndProject
Project("{2150E333-8FDC-42A3-9474-1A3956D46DE8}") = "Lesson 29", "Lesson 29", "{9501A4C3-32FD-471F-8A1C-E00BACFA8833}"
	ProjectSection(SolutionItems) = preProject
		Week 3\JavaScript course\Lesson 29\date.js = Week 3\JavaScript course\Lesson 29\date.js
	EndProjectSection
EndProject
Global
	GlobalSection(SolutionConfigurationPlatforms) = preSolution
		Debug|Any CPU = Debug|Any CPU
		Release|Any CPU = Release|Any CPU
	EndGlobalSection
	GlobalSection(ProjectConfigurationPlatforms) = postSolution
		{53B67AFD-429C-4C4F-A4D0-03241F4D0A09}.Debug|Any CPU.ActiveCfg = Debug|Any CPU
		{53B67AFD-429C-4C4F-A4D0-03241F4D0A09}.Debug|Any CPU.Build.0 = Debug|Any CPU
		{53B67AFD-429C-4C4F-A4D0-03241F4D0A09}.Release|Any CPU.ActiveCfg = Release|Any CPU
		{53B67AFD-429C-4C4F-A4D0-03241F4D0A09}.Release|Any CPU.Build.0 = Release|Any CPU
		{61A2B6AE-8AC1-447E-90E8-DE1DFBAB8C17}.Debug|Any CPU.ActiveCfg = Debug|Any CPU
		{61A2B6AE-8AC1-447E-90E8-DE1DFBAB8C17}.Debug|Any CPU.Build.0 = Debug|Any CPU
		{61A2B6AE-8AC1-447E-90E8-DE1DFBAB8C17}.Release|Any CPU.ActiveCfg = Release|Any CPU
		{61A2B6AE-8AC1-447E-90E8-DE1DFBAB8C17}.Release|Any CPU.Build.0 = Release|Any CPU
		{F3F2797D-AB92-4214-97B7-67F81AB6A088}.Debug|Any CPU.ActiveCfg = Debug|Any CPU
		{F3F2797D-AB92-4214-97B7-67F81AB6A088}.Debug|Any CPU.Build.0 = Debug|Any CPU
		{F3F2797D-AB92-4214-97B7-67F81AB6A088}.Release|Any CPU.ActiveCfg = Release|Any CPU
		{F3F2797D-AB92-4214-97B7-67F81AB6A088}.Release|Any CPU.Build.0 = Release|Any CPU
		{BF968E1D-9AD5-4A95-85C0-176E443AA77E}.Debug|Any CPU.ActiveCfg = Debug|Any CPU
		{BF968E1D-9AD5-4A95-85C0-176E443AA77E}.Debug|Any CPU.Build.0 = Debug|Any CPU
		{BF968E1D-9AD5-4A95-85C0-176E443AA77E}.Release|Any CPU.ActiveCfg = Release|Any CPU
		{BF968E1D-9AD5-4A95-85C0-176E443AA77E}.Release|Any CPU.Build.0 = Release|Any CPU
		{A9C65FE8-7FB5-4BB3-86EF-7CA787736F3B}.Debug|Any CPU.ActiveCfg = Debug|Any CPU
		{A9C65FE8-7FB5-4BB3-86EF-7CA787736F3B}.Debug|Any CPU.Build.0 = Debug|Any CPU
		{A9C65FE8-7FB5-4BB3-86EF-7CA787736F3B}.Release|Any CPU.ActiveCfg = Release|Any CPU
		{A9C65FE8-7FB5-4BB3-86EF-7CA787736F3B}.Release|Any CPU.Build.0 = Release|Any CPU
		{A6D12A48-B0BC-40AF-881E-5D804E595948}.Debug|Any CPU.ActiveCfg = Debug|Any CPU
		{A6D12A48-B0BC-40AF-881E-5D804E595948}.Debug|Any CPU.Build.0 = Debug|Any CPU
		{A6D12A48-B0BC-40AF-881E-5D804E595948}.Release|Any CPU.ActiveCfg = Release|Any CPU
		{A6D12A48-B0BC-40AF-881E-5D804E595948}.Release|Any CPU.Build.0 = Release|Any CPU
		{40B1D13F-D5B4-4FE6-B6AE-296C5C22B89D}.Debug|Any CPU.ActiveCfg = Debug|Any CPU
		{40B1D13F-D5B4-4FE6-B6AE-296C5C22B89D}.Debug|Any CPU.Build.0 = Debug|Any CPU
		{40B1D13F-D5B4-4FE6-B6AE-296C5C22B89D}.Release|Any CPU.ActiveCfg = Release|Any CPU
		{40B1D13F-D5B4-4FE6-B6AE-296C5C22B89D}.Release|Any CPU.Build.0 = Release|Any CPU
	EndGlobalSection
	GlobalSection(SolutionProperties) = preSolution
		HideSolutionNode = FALSE
	EndGlobalSection
	GlobalSection(NestedProjects) = preSolution
		{C19A3D70-6235-4AB6-B78F-C36998A5BA1C} = {CF4089C9-6397-488E-A11F-E05D4491FB65}
		{53B67AFD-429C-4C4F-A4D0-03241F4D0A09} = {C19A3D70-6235-4AB6-B78F-C36998A5BA1C}
		{61A2B6AE-8AC1-447E-90E8-DE1DFBAB8C17} = {C19A3D70-6235-4AB6-B78F-C36998A5BA1C}
		{F3F2797D-AB92-4214-97B7-67F81AB6A088} = {C19A3D70-6235-4AB6-B78F-C36998A5BA1C}
		{BF968E1D-9AD5-4A95-85C0-176E443AA77E} = {C19A3D70-6235-4AB6-B78F-C36998A5BA1C}
		{A9C65FE8-7FB5-4BB3-86EF-7CA787736F3B} = {C19A3D70-6235-4AB6-B78F-C36998A5BA1C}
		{A6D12A48-B0BC-40AF-881E-5D804E595948} = {C19A3D70-6235-4AB6-B78F-C36998A5BA1C}
		{40B1D13F-D5B4-4FE6-B6AE-296C5C22B89D} = {C19A3D70-6235-4AB6-B78F-C36998A5BA1C}
		{7A1B70D7-CC44-4374-B5B9-68842AD14D8D} = {0D82B091-0FDC-42E7-8AEA-9E74CECE153A}
		{511A996D-25D0-4DFC-B9DC-5588781B58CF} = {7A1B70D7-CC44-4374-B5B9-68842AD14D8D}
		{3DB61367-8A47-49B2-B442-933B7522749F} = {7A1B70D7-CC44-4374-B5B9-68842AD14D8D}
		{EE77EA53-5473-4BA3-93EE-5F6648BA37EE} = {7A1B70D7-CC44-4374-B5B9-68842AD14D8D}
		{89A3DB51-27CB-476F-AE74-4CA3F5135E4E} = {7A1B70D7-CC44-4374-B5B9-68842AD14D8D}
		{D00BAE3E-457D-4A2A-A24E-95F5B138DC24} = {7A1B70D7-CC44-4374-B5B9-68842AD14D8D}
		{6BF06D94-A2F4-4535-A271-654A77A4E031} = {7A1B70D7-CC44-4374-B5B9-68842AD14D8D}
		{2F63CE01-E8D3-45E3-9961-5FC1D7DC1071} = {7A1B70D7-CC44-4374-B5B9-68842AD14D8D}
		{574FE8FA-2546-4E74-ADCB-47B1382FA343} = {7A1B70D7-CC44-4374-B5B9-68842AD14D8D}
		{52FADAA5-45C0-45B5-AB78-8092DD426FE0} = {7A1B70D7-CC44-4374-B5B9-68842AD14D8D}
		{74E4CF8D-0CF7-4D48-9935-D57F1FFEE116} = {7A1B70D7-CC44-4374-B5B9-68842AD14D8D}
		{1F898A47-E8F4-48D1-B0EC-4384DABC18C7} = {7A1B70D7-CC44-4374-B5B9-68842AD14D8D}
		{BBE7539D-6759-4104-B22B-D43B7FB46424} = {7A1B70D7-CC44-4374-B5B9-68842AD14D8D}
		{48372C32-0E3F-4E16-B8A5-F905EE364E17} = {7A1B70D7-CC44-4374-B5B9-68842AD14D8D}
		{2A6C24AF-AD97-4CB0-8399-77E21B8BFFC0} = {7A1B70D7-CC44-4374-B5B9-68842AD14D8D}
		{592555C6-7DD1-47E8-9FE1-93B6C9BC8541} = {7A1B70D7-CC44-4374-B5B9-68842AD14D8D}
		{D555FAA7-7F7F-499E-A68D-78B7F1DB0D58} = {7A1B70D7-CC44-4374-B5B9-68842AD14D8D}
		{555643FF-1260-45E3-9434-9CA3F3CCCA17} = {7A1B70D7-CC44-4374-B5B9-68842AD14D8D}
		{1B4F6828-806E-440E-BC0C-7782E5D3C63C} = {0D82B091-0FDC-42E7-8AEA-9E74CECE153A}
		{1532A6F5-9CEA-4EF0-9AE9-5FF9E59235E4} = {C51AA7C2-2CD5-4ECB-8785-0B27C0C72D9F}
		{BE32991F-559E-4348-B907-5372E3EFDC98} = {C51AA7C2-2CD5-4ECB-8785-0B27C0C72D9F}
		{DC319340-15FE-4269-A74A-E131FBB0B313} = {C51AA7C2-2CD5-4ECB-8785-0B27C0C72D9F}
		{1FA58743-5B02-40AC-B00B-DF65B796B8A7} = {C51AA7C2-2CD5-4ECB-8785-0B27C0C72D9F}
		{F6AADC1E-5AA4-4DCD-926E-C568A4CBB96B} = {C51AA7C2-2CD5-4ECB-8785-0B27C0C72D9F}
		{C51294E3-FF5F-4DED-BD0D-6F0FBD0F5457} = {C51AA7C2-2CD5-4ECB-8785-0B27C0C72D9F}
		{FA4E6F7C-D99E-45C3-AB6A-B35F36E1FA76} = {C51AA7C2-2CD5-4ECB-8785-0B27C0C72D9F}
		{7A94F9FB-AA87-4862-A8E7-57001C1EA4BE} = {C51AA7C2-2CD5-4ECB-8785-0B27C0C72D9F}
		{80CC3DF1-9B71-4974-B586-C29682748F0B} = {C51AA7C2-2CD5-4ECB-8785-0B27C0C72D9F}
		{196C4096-57E9-4099-B30B-06456C8B217C} = {C51AA7C2-2CD5-4ECB-8785-0B27C0C72D9F}
		{6CB2C2D3-C1DC-42FD-A1CE-F71DE324A162} = {C51AA7C2-2CD5-4ECB-8785-0B27C0C72D9F}
		{26B8EAB2-7E36-4264-8681-95896407854B} = {C51AA7C2-2CD5-4ECB-8785-0B27C0C72D9F}
		{A826C3EA-176E-4052-8028-8A976F1BC00A} = {C51AA7C2-2CD5-4ECB-8785-0B27C0C72D9F}
		{1B1F5B16-C1E7-4A17-8203-532600B08212} = {C51AA7C2-2CD5-4ECB-8785-0B27C0C72D9F}
		{2BA36FDE-14C6-4736-8BEC-63E34712DB56} = {C51AA7C2-2CD5-4ECB-8785-0B27C0C72D9F}
		{A1B04F6F-9AFE-4B63-8CB3-986555C6D801} = {C51AA7C2-2CD5-4ECB-8785-0B27C0C72D9F}
		{5EE08EF3-9D7D-45BC-A9B8-1C2AAA5C4E28} = {C51AA7C2-2CD5-4ECB-8785-0B27C0C72D9F}
		{3EB91954-6D9B-4E1A-B9F5-620B3809E903} = {C51AA7C2-2CD5-4ECB-8785-0B27C0C72D9F}
		{FD3317C6-9191-47CA-9E61-CAE1C0F2E44D} = {C51AA7C2-2CD5-4ECB-8785-0B27C0C72D9F}
		{7E71CB43-A009-4E5E-8785-8AD33EDF5CB6} = {C51AA7C2-2CD5-4ECB-8785-0B27C0C72D9F}
		{07E71FED-ED8E-46DF-A08D-3FC58A654017} = {C51AA7C2-2CD5-4ECB-8785-0B27C0C72D9F}
		{0046ECDC-10D9-4718-9E51-0551B43765B9} = {C51AA7C2-2CD5-4ECB-8785-0B27C0C72D9F}
		{9501A4C3-32FD-471F-8A1C-E00BACFA8833} = {C51AA7C2-2CD5-4ECB-8785-0B27C0C72D9F}
	EndGlobalSection
	GlobalSection(ExtensibilityGlobals) = postSolution
		SolutionGuid = {06D7D0B5-67EC-4B47-881C-127E460F72E7}
	EndGlobalSection
EndGlobal
